# This file is autogenerated, do not edit; changes may be undone by the next 'dep ensure'.


[[projects]]
  branch = "master"
  name = "github.com/gdamore/encoding"
  packages = ["."]
  revision = "b23993cbb6353f0e6aa98d0ee318a34728f628b9"

[[projects]]
  name = "github.com/gdamore/tcell"
  packages = [".","terminfo"]
  revision = "061d51a604c546b48e92253cb65190d76cecf4c6"
  version = "v1.0.0"

[[projects]]
  name = "github.com/gilliek/go-opml"
  packages = ["opml"]
  revision = "d6574241cba8c59785768eb791bc384966e1177f"
  version = "v1.0.0"

[[projects]]
  branch = "master"
  name = "github.com/lucasb-eyer/go-colorful"
  packages = ["."]
  revision = "231272389856c976b7500c4fffcc52ddf06ff4eb"

[[projects]]
  name = "github.com/mattn/go-runewidth"
  packages = ["."]
  revision = "9e777a8366cce605130a531d2cd6363d07ad7317"
  version = "v0.0.2"

[[projects]]
  branch = "master"
  name = "github.com/rivo/tview"
  packages = ["."]
  revision = "acf9158c77607f951ec37d94bd17e6ba3bbe5adb"

[[projects]]
  branch = "master"
  name = "golang.org/x/text"
  packages = ["encoding","encoding/internal/identifier","internal/gen","transform","unicode/cldr"]
  revision = "4e4a3210bb54bb31f6ab2cdca2edcc0b50c420c1"

[solve-meta]
  analyzer-name = "dep"
  analyzer-version = 1
  inputs-digest = "7d0450c2791bf7abce7bb8122f422a16c93becd075b4b18509a0f31764cd29c0"
  solver-name = "gps-cdcl"
  solver-version = 1
